github.com/BurntSushi/toml v0.3.1/go.mod h1:xHWCNGjB5oqiDr8zfno3MHue2Ht5sIBksp03qcyfWMU=
github.com/cheekybits/genny v1.0.0 h1:uGGa4nei+j20rOSeDeP5Of12XVm7TGUd4dJA9RDitfE=
github.com/cheekybits/genny v1.0.0/go.mod h1:+tQajlRqAUrPI7DOSpB0XAqZYtQakVtB7wXkRAgjxjQ=
github.com/davecgh/go-spew v1.1.0/go.mod h1:J7Y8YcW2NihsgmVo/mv3lAwl/skON4iLHjSsI+c5H38=
github.com/davecgh/go-spew v1.1.1 h1:vj9j/u1bqnvCEfJOwUhtlOARqs3+rkHYY13jYWTU97c=
github.com/davecgh/go-spew v1.1.1/go.mod h1:J7Y8YcW2NihsgmVo/mv3lAwl/skON4iLHjSsI+c5H38=
github.com/denisbrodbeck/machineid v1.0.1 h1:geKr9qtkB876mXguW2X6TU4ZynleN6ezuMSRhl4D7AQ=
github.com/denisbrodbeck/machineid v1.0.1/go.mod h1:dJUwb7PTidGDeYyUBmXZ2GphQBbjJCrnectwCyxcUSI=
github.com/fatih/color v1.7.0 h1:DkWD4oS2D8LGGgTQ6IvwJJXSL5Vp2ffcQg58nFV38Ys=
github.com/fatih/color v1.7.0/go.mod h1:Zm6kSWBoL9eyXnKyktHP6abPY2pDugNf5KwzbycvMj4=
github.com/fsnotify/fsnotify v1.4.7 h1:IXs+QLmnXW2CcXuY+8Mzv/fWEsPGWxqefPtCP5CnV9I=
github.com/fsnotify/fsnotify v1.4.7/go.mod h1:jwhsz4b93w/PPRr/qN1Yymfu8t87LnFCMoQvtojpjFo=
github.com/go-redis/redis v6.15.5+incompatible h1:pLky8I0rgiblWfa8C1EV7fPEUv0aH6vKRaYHc/YRHVk=
github.com/go-redis/redis v6.15.5+incompatible/go.mod h1:NAIEuMOZ/fxfXJIrKDQDz8wamY7mA7PouImQ2Jvg6kA=
github.com/golang/mock v1.2.0 h1:28o5sBqPkBsMGnC6b4MvE2TzSr5/AT4c/1fLqVGIwlk=
github.com/golang/mock v1.2.0/go.mod h1:oTYuIxOrZwtPieC+H1uAHpcLFnEyAGVDL/k47Jfbm0A=
github.com/golang/protobuf v1.2.0 h1:P3YflyNX/ehuJFLhxviNdFxQPkGK5cDcApsge1SqnvM=
github.com/golang/protobuf v1.2.0/go.mod h1:6lQm79b+lXiMfvg/cZm0SGofjICqVBUtrP5yJMmIC1U=
github.com/golang/protobuf v1.3.0 h1:kbxbvI4Un1LUWKxufD+BiE6AEExYYgkQLQmLFqA1LFk=
github.com/golang/protobuf v1.3.0/go.mod h1:Qd/q+1AKNOZr9uGQzbzCmRO6sUih6GTPZv6a1/R87v0=
github.com/golang/protobuf v1.3.2 h1:6nsPYzhq5kReh6QImI3k5qWzO4PEbvbIW2cwSfR/6xs=
github.com/golang/protobuf v1.3.2/go.mod h1:6lQm79b+lXiMfvg/cZm0SGofjICqVBUtrP5yJMmIC1U=
github.com/hpcloud/tail v1.0.0 h1:nfCOvKYfkgYP8hkirhJocXT2+zOD8yUNjXaWfTlyFKI=
github.com/hpcloud/tail v1.0.0/go.mod h1:ab1qPbhIpdTxEkNHXyeSf5vhxWSCs/tWer42PpOxQnU=
github.com/konsorten/go-windows-terminal-sequences v1.0.1 h1:mweAR1A6xJ3oS2pRaGiHgQ4OO8tzTaLawm8vnODuwDk=
github.com/konsorten/go-windows-terminal-sequences v1.0.1/go.mod h1:T0+1ngSBFLxvqU3pZ+m/2kptfBszLMUkC4ZK/EgS/cQ=
github.com/konsorten/go-windows-terminal-sequences v1.0.2 h1:DB17ag19krx9CFsz4o3enTrPXyIXCl+2iCXH/aMAp9s=
github.com/konsorten/go-windows-terminal-sequences v1.0.2/go.mod h1:T0+1ngSBFLxvqU3pZ+m/2kptfBszLMUkC4ZK/EgS/cQ=
github.com/lucas-clemente/quic-go v0.7.1-0.20190401152353-907071221cf9 h1:tbuodUh2vuhOVZAdW3NEUvosFHUMJwUNl7jk/VSEiwc=
github.com/lucas-clemente/quic-go v0.7.1-0.20190401152353-907071221cf9/go.mod h1:PpMmPfPKO9nKJ/psF49ESTAGQSdfXxlg1otPbEB2nOw=
github.com/lucas-clemente/quic-go v0.12.0 h1:TRbvZ6F++sofeGbh+Z2IIyIOhl8KyGnYuA06g2yrHdI=
github.com/lucas-clemente/quic-go v0.12.0/go.mod h1:UXJJPE4RfFef/xPO5wQm0tITK8gNfqwTxjbE7s3Vb8s=
github.com/marten-seemann/qpack v0.1.0/go.mod h1:LFt1NU/Ptjip0C2CPkhimBz5CGE3WGDAUWqna+CNTrI=
github.com/marten-seemann/qtls v0.2.3 h1:0yWJ43C62LsZt08vuQJDK1uC1czUc3FJeCLPoNAI4vA=
github.com/marten-seemann/qtls v0.2.3/go.mod h1:xzjG7avBwGGbdZ8dTGxlBnLArsVKLvwmjgmPuiQEcYk=
github.com/marten-seemann/qtls v0.3.2 h1:O7awy4bHEzSX/K3h+fZig3/Vo03s/RxlxgsAk9sYamI=
github.com/marten-seemann/qtls v0.3.2/go.mod h1:xzjG7avBwGGbdZ8dTGxlBnLArsVKLvwmjgmPuiQEcYk=
github.com/mattn/go-colorable v0.1.2 h1:/bC9yWikZXAL9uJdulbSfyVNIR3n3trXl+v8+1sx8mU=
github.com/mattn/go-colorable v0.1.2/go.mod h1:U0ppj6V5qS13XJ6of8GYAs25YV2eR4EVcfRqFIhoBtE=
github.com/mattn/go-isatty v0.0.8/go.mod h1:Iq45c/XA43vh69/j3iqttzPXn0bhXyGjM0Hdxcsrc5s=
github.com/mattn/go-isatty v0.0.9 h1:d5US/mDsogSGW37IV293h//ZFaeajb69h+EHFsv2xGg=
github.com/mattn/go-isatty v0.0.9/go.mod h1:YNRxwqDuOph6SZLI9vUUz6OYw3QyUt7WiY2yME+cCiQ=
github.com/mitchellh/colorstring v0.0.0-20190213212951-d06e56a500db h1:62I3jR2EmQ4l5rM/4FEfDWcRD+abF5XlKShorW5LRoQ=
github.com/mitchellh/colorstring v0.0.0-20190213212951-d06e56a500db/go.mod h1:l0dey0ia/Uv7NcFFVbCLtqEBQbrT4OCwCSKTEv6enCw=
github.com/onsi/ginkgo v1.6.0/go.mod h1:lLunBs/Ym6LB5Z9jYTR76FiuTmxDTDusOGeTQH+WWjE=
github.com/onsi/ginkgo v1.7.0 h1:WSHQ+IS43OoUrWtD1/bbclrwK8TTH5hzp+umCiuxHgs=
github.com/onsi/ginkgo v1.7.0/go.mod h1:lLunBs/Ym6LB5Z9jYTR76FiuTmxDTDusOGeTQH+WWjE=
github.com/onsi/gomega v1.4.3 h1:RE1xgDvH7imwFD45h+u2SgIfERHlS2yNG4DObb5BSKU=
github.com/onsi/gomega v1.4.3/go.mod h1:ex+gbHU/CVuBBDIJjb2X0qEXbFg53c61hWP/1CpauHY=
github.com/pion/datachannel v1.4.5 h1:paz18kYAetpTdK8tlMAtDY+Ayxrv5fndZ5XPZwiZHrU=
github.com/pion/datachannel v1.4.5/go.mod h1:SpMJbuu8v+qbA94m6lWQwSdCf8JKQvgmdSHDNtcbe+w=
github.com/pion/dtls v1.5.1 h1:LcCs1l9fzsHC4y+ENjLyuxOAe+k0DV65T2n4tjwM7xw=
github.com/pion/dtls v1.5.1/go.mod h1:CjlPLfQdsTg3G4AEXjJp8FY5bRweBlxHrgoFrN+fQsk=
github.com/pion/ice v0.5.13 h1:Gv+MQxJeuGPPlLbusWlo9xcKOzl3g70Ubuho5uEzwpc=
github.com/pion/ice v0.5.13/go.mod h1:8mOXb4hFgEmpu/cgmutcB1gWZILEHlHFmimgS9BOcBk=
github.com/pion/logging v0.2.1 h1:LwASkBKZ+2ysGJ+jLv1E/9H1ge0k1nTfi1X+5zirkDk=
github.com/pion/logging v0.2.1/go.mod h1:k0/tDVsRCX2Mb2ZEmTqNa7CWsQPc+YYCB7Q+5pahoms=
github.com/pion/logging v0.2.2 h1:M9+AIj/+pxNsDfAT64+MAVgJO0rsyLnoJKCqf//DoeY=
github.com/pion/logging v0.2.2/go.mod h1:k0/tDVsRCX2Mb2ZEmTqNa7CWsQPc+YYCB7Q+5pahoms=
github.com/pion/mdns v0.0.3 h1:DxdOYd0pgwLKiDlIIxfU0qdG5iWh1Xn6CsS9vc6cMAY=
github.com/pion/mdns v0.0.3/go.mod h1:VrN3wefVgtfL8QgpEblPUC46ag1reLIfpqekCnKunLE=
github.com/pion/quic v0.1.1 h1:D951FV+TOqI9A0rTF7tHx0Loooqz+nyzjEyj8o3PuMA=
github.com/pion/quic v0.1.1/go.mod h1:zEU51v7ru8Mp4AUBJvj6psrSth5eEFNnVQK5K48oV3k=
github.com/pion/rtcp v1.2.1 h1:S3yG4KpYAiSmBVqKAfgRa5JdwBNj4zK3RLUa8JYdhak=
github.com/pion/rtcp v1.2.1/go.mod h1:a5dj2d6BKIKHl43EnAOIrCczcjESrtPuMgfmL6/K6QM=
github.com/pion/rtp v1.1.3 h1:GTYSTsSLF5vH+UqShGYQEBdoYasWjTTC9UeYglnUO+o=
github.com/pion/rtp v1.1.3/go.mod h1:/l4cvcKd0D3u9JLs2xSVI95YkfXW87a3br3nqmVtSlE=
github.com/pion/sctp v1.6.3/go.mod h1:cCqpLdYvgEUdl715+qbWtgT439CuQrAgy8BZTp0aEfA=
github.com/pion/sctp v1.6.9 h1:G5Ttf/z5klWaCpE4jnqKWvbOuwfL3vBLyRdiFdtBIYQ=
github.com/pion/sctp v1.6.9/go.mod h1:cCqpLdYvgEUdl715+qbWtgT439CuQrAgy8BZTp0aEfA=
github.com/pion/sdp/v2 v2.3.0 h1:5EhwPh1xKWYYjjvMuubHoMLy6M0B9U26Hh7q3f7vEGk=
github.com/pion/sdp/v2 v2.3.0/go.mod h1:idSlWxhfWQDtTy9J05cgxpHBu/POwXN2VDRGYxT/EjU=
github.com/pion/srtp v1.2.6 h1:mHQuAMh0P67R7/j1F260u3O+fbRWLyjKLRPZYYvODFM=
github.com/pion/srtp v1.2.6/go.mod h1:rd8imc5htjfs99XiEoOjLMEOcVjME63UHx9Ek9IGst0=
github.com/pion/stun v0.3.1 h1:d09JJzOmOS8ZzIp8NppCMgrxGZpJ4Ix8qirfNYyI3BA=
github.com/pion/stun v0.3.1/go.mod h1:xrCld6XM+6GWDZdvjPlLMsTU21rNxnO6UO8XsAvHr/M=
github.com/pion/transport v0.6.0 h1:WAoyJg/6OI8dhCVFl/0JHTMd1iu2iHgGUXevptMtJ3U=
github.com/pion/transport v0.6.0/go.mod h1:iWZ07doqOosSLMhZ+FXUTq+TamDoXSllxpbGcfkCmbE=
github.com/pion/transport v0.7.0/go.mod h1:iWZ07doqOosSLMhZ+FXUTq+TamDoXSllxpbGcfkCmbE=
github.com/pion/transport v0.8.6/go.mod h1:nAmRRnn+ArVtsoNuwktvAD+jrjSD7pA+H3iRmZwdUno=
github.com/pion/transport v0.8.7 h1:t7uYhWOoljd82rnkLH+H2Lw7/IGA5kV9Bl5sWrmcYSc=
github.com/pion/transport v0.8.7/go.mod h1:lpeSM6KJFejVtZf8k0fgeN7zE73APQpTF83WvA1FVP8=
github.com/pion/turn v1.3.5 h1:4JrsJHS/qm29bpzqem+WN87A+xCNAwj0i5DxuKqicTw=
github.com/pion/turn v1.3.5/go.mod h1:zGPB7YYB/HTE9MWn0Sbznz8NtyfeVeanZ834cG/MXu0=
github.com/pion/webrtc/v2 v2.1.3 h1:LBlJTUSU07cUhk8A21MKZ2EqUwbCiLK30bYXZuayLtk=
github.com/pion/webrtc/v2 v2.1.3/go.mod h1:KaaMxxcyGRfSM+17KF+dCKPyy7EuJvfaJ9HE4xSjRFo=
github.com/pkg/errors v0.8.0 h1:WdK/asTD0HN+q6hsWO3/vpuAkAr+tw6aNJNDFFf0+qw=
github.com/pkg/errors v0.8.0/go.mod h1:bwawxfHBFNV+L2hUp1rHADufV3IMtnDRdf1r5NINEl0=
github.com/pkg/errors v0.8.1 h1:iURUrRGxPUNPdy5/HRSm+Yj6okJ6UtLINN0Q9M4+h3I=
github.com/pkg/errors v0.8.1/go.mod h1:bwawxfHBFNV+L2hUp1rHADufV3IMtnDRdf1r5NINEl0=
github.com/pmezard/go-difflib v1.0.0 h1:4DBwDE0NGyQoBHbLQYPwSUPoCMWR5BEzIk/f1lZbAQM=
github.com/pmezard/go-difflib v1.0.0/go.mod h1:iKH77koFhYxTK1pcRnkKkqfTogsbg7gZNVY4sRDYZ/4=
github.com/schollz/mnemonicode v1.0.1 h1:LiH5hwADZwjwnfXsaD4xgnMyTAtaKHN+e5AyjRU6WSU=
github.com/schollz/mnemonicode v1.0.1/go.mod h1:cl4UAOhUV0mkdjMj/QYaUZbZZdF8BnOqoz8rHMzwboY=
github.com/schollz/pake v1.1.1 h1:QKeojDWzdAdtRC4m89b6HAxw/8gjqrVu7r4SAOxOFg8=
github.com/schollz/pake v1.1.1/go.mod h1:aWMxQ1jwqZRwk3StflHcdyzPR+CyW5W7+WIZD6Y3dEY=
github.com/schollz/progressbar/v2 v2.13.2 h1:3L9bP5KQOGEnFP8P5V8dz+U0yo5I29iY5Oa9s9EAwn0=
github.com/schollz/progressbar/v2 v2.13.2/go.mod h1:6YZjqdthH6SCZKv2rqGryrxPtfmRB/DWZxSMfCXPyD8=
github.com/schollz/spinner v0.0.0-20180925172146-6bbc5f7804f9 h1:y08o5oQ/slxXE/F0uh5dd8mdVvb+w4NLcNSDSq4c2F0=
github.com/schollz/spinner v0.0.0-20180925172146-6bbc5f7804f9/go.mod h1:kCMoQsqzx4MzGJWaALr6tKyCnlrY0kILGLkA1FOiLF4=
github.com/sirupsen/logrus v1.4.2 h1:SPIRibHv4MatM3XXNO2BJeFLZwZ2LvZgfQ5+UNI2im4=
github.com/sirupsen/logrus v1.4.2/go.mod h1:tLMulIdttU9McNUspp0xgXVQah82FyeX6MwdIuYE2rE=
github.com/stretchr/objx v0.1.0/go.mod h1:HFkY916IF+rwdDfMAkV7OtwuqBVzrE8GR6GFx+wExME=
github.com/stretchr/objx v0.1.1/go.mod h1:HFkY916IF+rwdDfMAkV7OtwuqBVzrE8GR6GFx+wExME=
github.com/stretchr/testify v1.2.2/go.mod h1:a8OnRcib4nhh0OaRAV+Yts87kKdq0PP7pXfy6kDkUVs=
github.com/stretchr/testify v1.3.0 h1:TivCn/peBQ7UY8ooIcPgZFpTNSz0Q2U6UrFlUfqbe0Q=
github.com/stretchr/testify v1.3.0/go.mod h1:M5WIy9Dh21IEIfnGCwXGc5bZfKNJtfHm1UVUgZn+9EI=
github.com/stretchr/testify v1.4.0 h1:2E4SXV/wtOkTonXsotYi4li6zVWxYlZuYNCXe9XRJyk=
github.com/stretchr/testify v1.4.0/go.mod h1:j7eGeouHqKxXV5pUuKE4zz7dFj8WfuZ+81PSLYec5m4=
github.com/tscholl2/siec v0.0.0-20180721101609-21667da05937 h1:lhssCpSe3TjKcbvUoPzFMuv9oUyZDgI3Cmgolfw2C90=
github.com/tscholl2/siec v0.0.0-20180721101609-21667da05937/go.mod h1:KL9+ubr1JZdaKjgAaHr+tCytEncXBa1pR6FjbTsOJnw=
github.com/urfave/cli v1.21.0 h1:wYSSj06510qPIzGSua9ZqsncMmWE3Zr55KBERygyrxE=
github.com/urfave/cli v1.21.0/go.mod h1:lxDj6qX9Q6lWQxIrbrT0nwecwUtRnhVZAJjJZrVUZZQ=
golang.org/x/crypto v0.0.0-20190228161510-8dd112bcdc25/go.mod h1:djNgcEr1/C05ACkg1iLfiJU5Ep61QUkGW8qpdssI0+w=
golang.org/x/crypto v0.0.0-20190308221718-c2843e01d9a2/go.mod h1:djNgcEr1/C05ACkg1iLfiJU5Ep61QUkGW8qpdssI0+w=
golang.org/x/crypto v0.0.0-20190404164418-38d8ce5564a5 h1:bselrhR0Or1vomJZC8ZIjWtbDmn9OYFLX5Ik9alpJpE=
golang.org/x/crypto v0.0.0-20190404164418-38d8ce5564a5/go.mod h1:WFFai1msRO1wXaEeE5yQxYXgSfI8pQAWXbQop6sCtWE=
golang.org/x/crypto v0.0.0-20190701094942-4def268fd1a4/go.mod h1:yigFU9vqHzYiE8UmvKecakEJjdnWj3jj499lnFckfCI=
golang.org/x/crypto v0.0.0-20190829043050-9756ffdc2472 h1:Gv7RPwsi3eZ2Fgewe3CBsuOebPwO27PoXzRpJPsvSSM=
golang.org/x/crypto v0.0.0-20190829043050-9756ffdc2472/go.mod h1:yigFU9vqHzYiE8UmvKecakEJjdnWj3jj499lnFckfCI=
golang.org/x/net v0.0.0-20180906233101-161cd47e91fd/go.mod h1:mL1N/T3taQHkDXs73rZJwtUhF3w3ftmwwsq0BUmARs4=
golang.org/x/net v0.0.0-20190228165749-92fc7df08ae7/go.mod h1:mL1N/T3taQHkDXs73rZJwtUhF3w3ftmwwsq0BUmARs4=
golang.org/x/net v0.0.0-20190404232315-eb5bcb51f2a3/go.mod h1:t9HGtf8HONx5eT2rtn7q6eTqICYqUVnKs3thJo3Qplg=
golang.org/x/net v0.0.0-20190619014844-b5b0513f8c1b/go.mod h1:z5CRVTTTmAJ677TzLLGU+0bjPO0LkuOLi4/5GtJWs/s=
golang.org/x/net v0.0.0-20190628185345-da137c7871d7 h1:rTIdg5QFRR7XCaK4LCjBiPbx8j4DQRpdYMnGn/bJUEU=
golang.org/x/net v0.0.0-20190628185345-da137c7871d7/go.mod h1:z5CRVTTTmAJ677TzLLGU+0bjPO0LkuOLi4/5GtJWs/s=
golang.org/x/net v0.0.0-20190827160401-ba9fcec4b297 h1:k7pJ2yAPLPgbskkFdhRCsA77k2fySZ1zf2zCjvQCiIM=
golang.org/x/net v0.0.0-20190827160401-ba9fcec4b297/go.mod h1:z5CRVTTTmAJ677TzLLGU+0bjPO0LkuOLi4/5GtJWs/s=
golang.org/x/sync v0.0.0-20180314180146-1d60e4601c6f h1:wMNYb4v58l5UBM7MYRLPG6ZhfOqbKu7X5eyFl8ZhKvA=
golang.org/x/sync v0.0.0-20180314180146-1d60e4601c6f/go.mod h1:RxMgew5VJxzue5/jJTE5uejpjVlOe/izrB70Jof72aM=
golang.org/x/sys v0.0.0-20180909124046-d0be0721c37e/go.mod h1:STP8DvDyc/dI5b8T5hshtkjS+E42TnysNCUPdjciGhY=
golang.org/x/sys v0.0.0-20190215142949-d0b11bdaac8a/go.mod h1:STP8DvDyc/dI5b8T5hshtkjS+E42TnysNCUPdjciGhY=
golang.org/x/sys v0.0.0-20190222072716-a9d3bda3a223/go.mod h1:STP8DvDyc/dI5b8T5hshtkjS+E42TnysNCUPdjciGhY=
golang.org/x/sys v0.0.0-20190228124157-a34e9553db1e/go.mod h1:STP8DvDyc/dI5b8T5hshtkjS+E42TnysNCUPdjciGhY=
golang.org/x/sys v0.0.0-20190403152447-81d4e9dc473e h1:nFYrTHrdrAOpShe27kaFHjsqYSEQ0KWqdWLu3xuZJts=
golang.org/x/sys v0.0.0-20190403152447-81d4e9dc473e/go.mod h1:h1NjWce9XRLGQEsW7wpKNCjG9DtNlClVuFLEZdDNbEs=
golang.org/x/sys v0.0.0-20190412213103-97732733099d/go.mod h1:h1NjWce9XRLGQEsW7wpKNCjG9DtNlClVuFLEZdDNbEs=
golang.org/x/sys v0.0.0-20190422165155-953cdadca894/go.mod h1:h1NjWce9XRLGQEsW7wpKNCjG9DtNlClVuFLEZdDNbEs=
golang.org/x/sys v0.0.0-20190712062909-fae7ac547cb7/go.mod h1:h1NjWce9XRLGQEsW7wpKNCjG9DtNlClVuFLEZdDNbEs=
golang.org/x/sys v0.0.0-20190813064441-fde4db37ae7a/go.mod h1:h1NjWce9XRLGQEsW7wpKNCjG9DtNlClVuFLEZdDNbEs=
golang.org/x/sys v0.0.0-20190904005037-43c01164e931 h1:+WYfosiOJzB4BjsISl1Rv4ZLUy+VYcF+u+0Y9jcerv8=
golang.org/x/sys v0.0.0-20190904005037-43c01164e931/go.mod h1:h1NjWce9XRLGQEsW7wpKNCjG9DtNlClVuFLEZdDNbEs=
golang.org/x/text v0.3.0 h1:g61tztE5qeGQ89tm6NTjjM9VPIm088od1l6aSorWRWg=
golang.org/x/text v0.3.0/go.mod h1:NqM8EUOU14njkJ3fqMW+pc6Ldnwhi/IjpwHt7yyuwOQ=
golang.org/x/text v0.3.2 h1:tW2bmiBqwgJj/UpqtC8EpXEZVYOwU0yG4iWbprSVAcs=
golang.org/x/text v0.3.2/go.mod h1:bEr9sfX3Q8Zfm5fL9x+3itogRgK3+ptLWKqgva+5dAk=
golang.org/x/tools v0.0.0-20180917221912-90fa682c2a6e/go.mod h1:n7NCudcB/nEzxVGmLbDWY5pfWTLqBcC2KZ6jyYvM4mQ=
google.golang.org/genproto v0.0.0-20180831171423-11092d34479b/go.mod h1:JiN7NxoALGmiZfu7CAH4rXhgtRTLTxftemlI0sWmxmc=
gopkg.in/check.v1 v0.0.0-20161208181325-20d25e280405 h1:yhCVgyC4o1eVCa2tZl7eS0r+SDo693bJlVdllGtEeKM=
gopkg.in/check.v1 v0.0.0-20161208181325-20d25e280405/go.mod h1:Co6ibVJAznAaIkqp8huTwlJQCZ016jof/cbN4VW5Yz0=
gopkg.in/fsnotify.v1 v1.4.7 h1:xOHLXZwVvI9hhs+cLKq5+I5onOuwQLhQwiu63xxlHs4=
gopkg.in/fsnotify.v1 v1.4.7/go.mod h1:Tz8NjZHkW78fSQdbUxIjBTcgA1z1m8ZHf0WmKUhAMys=
gopkg.in/tomb.v1 v1.0.0-20141024135613-dd632973f1e7 h1:uRGJdciOHaEIrze2W8Q3AKkepLTh2hOroT7a+7czfdQ=
gopkg.in/tomb.v1 v1.0.0-20141024135613-dd632973f1e7/go.mod h1:dt/ZhP58zS4L8KSrWDmTeBkI65Dw0HsyUHuEVlX15mw=
gopkg.in/yaml.v2 v2.2.1 h1:mUhvW9EsL+naU5Q3cakzfE91YhliOondGd6ZrsDBHQE=
gopkg.in/yaml.v2 v2.2.1/go.mod h1:hI93XBmqTisBFMUTm0b8Fm+jr3Dg1NNxqwp+5A1VGuI=
gopkg.in/yaml.v2 v2.2.2 h1:ZCJp+EgiOT7lHqUV2J862kp8Qj64Jo6az82+3Td9dZw=
gopkg.in/yaml.v2 v2.2.2/go.mod h1:hI93XBmqTisBFMUTm0b8Fm+jr3Dg1NNxqwp+5A1VGuI=
