# This file is autogenerated, do not edit; changes may be undone by the next 'dep ensure'.


[[projects]]
  name = "github.com/codegangsta/cli"
  packages = ["."]
  revision = "cfb38830724cc34fedffe9a2a29fb54fa9169cd1"
  version = "v1.20.0"

[[projects]]
  branch = "master"
  name = "github.com/dustin/go-humanize"
  packages = ["."]
  revision = "6d15c0ae71e55ed645c21ac4945aaadbc0e9a590"

[[projects]]
  name = "github.com/fatih/structs"
  packages = ["."]
  revision = "a720dfa8df582c51dee1b36feabb906bde1588bd"
  version = "v1.0"

[[projects]]
  branch = "master"
  name = "github.com/hashicorp/errwrap"
  packages = ["."]
  revision = "7554cd9344cec97297fa6649b055a8c98c2a1e55"

[[projects]]
  branch = "master"
  name = "github.com/hashicorp/go-multierror"
  packages = ["."]
  revision = "b7773ae218740a7be65057fc60b366a49b538a44"

[[projects]]
  branch = "master"
  name = "github.com/mars9/crypt"
  packages = ["."]
  revision = "65899cf653ff022fe5c7fe504b439feed9e7e0fc"

[[projects]]
  name = "github.com/pkg/errors"
  packages = ["."]
  revision = "645ef00459ed84a119197bfb8d8205042c6df63d"
  version = "v0.8.0"

[[projects]]
  branch = "master"
  name = "github.com/schollz/mnemonicode"
  packages = ["."]
  revision = "15c9654387fad6d257aa28f9be57b9f124101955"

[[projects]]
  name = "github.com/schollz/progressbar"
  packages = ["."]
  revision = "98649a7575ca56014cb102885f09f05bb2cccb49"
  version = "v0.3.1"

[[projects]]
  name = "github.com/schollz/tarinator-go"
  packages = ["."]
  revision = "835680f17d252bd7a6047e670079f35e5626dc1e"
  version = "v0.1.0"

[[projects]]
  name = "github.com/sirupsen/logrus"
  packages = ["."]
  revision = "f006c2ac4710855cf0f916dd6b77acf6b048dc6e"
  version = "v1.0.3"

[[projects]]
  name = "github.com/yudai/gotty"
  packages = ["pkg/homedir"]
  revision = "a080c85cbc59226c94c6941ad8c395232d72d517"
  version = "v2.0.0-alpha.3"

[[projects]]
  branch = "master"
  name = "github.com/yudai/hcl"
  packages = [".","hcl","json"]
  revision = "5fa2393b3552119bf33a69adb1402a1160cba23d"

[[projects]]
  branch = "master"
  name = "golang.org/x/crypto"
  packages = ["pbkdf2","scrypt","ssh/terminal"]
  revision = "bd6f299fb381e4c3393d1c4b1f0b94f5e77650c8"

[[projects]]
  branch = "master"
  name = "golang.org/x/sys"
  packages = ["unix","windows"]
  revision = "4fe5d7925040acd225bf9c7cee65e82d07f06bff"

[[projects]]
  branch = "master"
  name = "golang.org/x/text"
  packages = ["transform"]
  revision = "88f656faf3f37f690df1a32515b479415e1a6769"

[[projects]]
  branch = "v2"
  name = "gopkg.in/yaml.v2"
  packages = ["."]
  revision = "d670f9405373e636a5a2765eea47fac0c9bc91a4"

[solve-meta]
  analyzer-name = "dep"
  analyzer-version = 1
  inputs-digest = "8ee0066f90aab988cd1553eedcde5f62c9d2a9d3c18d2a4ea0a57a85df4b2eab"
  solver-name = "gps-cdcl"
  solver-version = 1
